lockfileVersion: '9.0'

settings:
  autoInstallPeers: true
  excludeLinksFromLockfile: false

importers:

  .:
    devDependencies:
      turbo:
        specifier: latest
        version: 2.9.11
      typescript:
        specifier: ^6.0.3
        version: 6.0.3

  apps/api:
    dependencies:
      '@neondatabase/serverless':
        specifier: ^1.1.0
        version: 1.1.0

packages:

  '@neondatabase/serverless@1.1.0':
    resolution: {integrity: sha512-r3ZZhRjEcfEdKIZnoB1RusNgvHuaBRqfCzV4Gi+5A9yUX0S4HTws/ASWqt13wL4y4I+0rqsWGdA2w7EQXHi3+Q==}
    engines: {node: '>=19.0.0'}

  '@turbo/darwin-64@2.9.11':
    resolution: {integrity: sha512-bL9Bc6q1xoXXQEpsKZE8fRggMyktiMPbPCnmBmbLpkK5v00X1ffQHzaR7obOSENTZj895W6dE5UhDiQISim7dQ==}
    cpu: [x64]
    os: [darwin]

  '@turbo/darwin-arm64@2.9.11':
    resolution: {integrity: sha512-LjSW6JOZq9wsmDTeFdfpD8vjAK9AC4UVGTvuxSkKz70ykVAJ21d+ek997PFdMVvMqJjOWn2qGGe+iT6Lcuwuag==}
    cpu: [arm64]
    os: [darwin]

  '@turbo/linux-64@2.9.11':
    resolution: {integrity: sha512-xSUU3bo1ot2P8x/KetHgk1GLEa+uJjwzSR0oM0tpK2yz5M8g3fRVyEPe26pA/W3LQ3hpX3pJYX+QkILI1H3zjQ==}
    cpu: [x64]
    os: [linux]

  '@turbo/linux-arm64@2.9.11':
    resolution: {integrity: sha512-hlBrHN0XzrBRWuZaVrYZssKyqHN8xpz5UfuvBVStaPmprLLmS/Q8hB8ZF6GJEE69IGlVZusiGz25aiq9g+ScGw==}
    cpu: [arm64]
    os: [linux]

  '@turbo/windows-64@2.9.11':
    resolution: {integrity: sha512-b4IVTby0je7CmqokMS3UaeF09PATwHkka1A75Sq7e0YgY56i0lHGXDyENpwEHZKNKLzPnpMKQ3JQM8cg1+F35Q==}
    cpu: [x64]
    os: [win32]

  '@turbo/windows-arm64@2.9.11':
    resolution: {integrity: sha512-2fbUUcwaP2cbbcJWrZjk2cc5xl7zZyfdpEf8/S9tsd9ZqHYVyP69ENXYRmX8W+BeUrKtPnLG3ex/E9bagzVr/A==}
    cpu: [arm64]
    os: [win32]

  turbo@2.9.11:
    resolution: {integrity: sha512-4+0uFViM8ORa6hT1eLZLZRRPZaoywvpHQRgvLH/Q2uq5nLKKRPUiDeBEuYZmknkDYAZYc1yJuYJapk3ej9cUVw==}
    hasBin: true

  typescript@6.0.3:
    resolution: {integrity: sha512-y2TvuxSZPDyQakkFRPZHKFm+KKVqIisdg9/CZwm9ftvKXLP8NRWj38/ODjNbr43SsoXqNuAisEf1GdCxqWcdBw==}
    engines: {node: '>=14.17'}
    hasBin: true

snapshots:

  '@neondatabase/serverless@1.1.0': {}

  '@turbo/darwin-64@2.9.11':
    optional: true

  '@turbo/darwin-arm64@2.9.11':
    optional: true

  '@turbo/linux-64@2.9.11':
    optional: true

  '@turbo/linux-arm64@2.9.11':
    optional: true

  '@turbo/windows-64@2.9.11':
    optional: true

  '@turbo/windows-arm64@2.9.11':
    optional: true

  turbo@2.9.11:
    optionalDependencies:
      '@turbo/darwin-64': 2.9.11
      '@turbo/darwin-arm64': 2.9.11
      '@turbo/linux-64': 2.9.11
      '@turbo/linux-arm64': 2.9.11
      '@turbo/windows-64': 2.9.11
      '@turbo/windows-arm64': 2.9.11

  typescript@6.0.3: {}
